
Microsoft Visual Studio Solution File, Format Version 12.00
# Visual Studio 14
VisualStudioVersion = 14.0.23107.0
MinimumVisualStudioVersion = 10.0.40219.1
Project("{FAE04EC0-301F-11D3-BF4B-00C04F79EFBC}") = "DnnDevTools", "DnnDevTools\DnnDevTools.csproj", "{B42116D5-0133-49DF-B5A5-967A175EF8DB}"
EndProject
Project("{E24C65DC-7377-472B-9ABA-BC803B73C61A}") = "http://dnndevtools.develop", "http://dnndevtools.develop", "{20E299BF-7DCD-4D99-A8E4-AA774466EF13}"
	ProjectSection(WebsiteProperties) = preProject
		UseIISExpress = "false"
		TargetFrameworkMoniker = ".NETFramework,Version%3Dv4.5"
		Debug.AspNetCompiler.VirtualPath = "/dnndevtools.develop"
		Debug.AspNetCompiler.PhysicalPath = "Website\"
		Debug.AspNetCompiler.TargetPath = "PrecompiledWeb\dnndevtools.develop\"
		Debug.AspNetCompiler.Updateable = "true"
		Debug.AspNetCompiler.ForceOverwrite = "true"
		Debug.AspNetCompiler.FixedNames = "false"
		Debug.AspNetCompiler.Debug = "True"
		Release.AspNetCompiler.VirtualPath = "/dnndevtools.develop"
		Release.AspNetCompiler.PhysicalPath = "Website\"
		Release.AspNetCompiler.TargetPath = "PrecompiledWeb\dnndevtools.develop\"
		Release.AspNetCompiler.Updateable = "true"
		Release.AspNetCompiler.ForceOverwrite = "true"
		Release.AspNetCompiler.FixedNames = "false"
		Release.AspNetCompiler.Debug = "False"
		SlnRelativePath = "Website\"
	EndProjectSection
EndProject
Project("{2150E333-8FDC-42A3-9474-1A3956D46DE8}") = "MSBuild", "MSBuild", "{FE040E95-1BA7-4458-A247-E2C210A6B1DA}"
	ProjectSection(SolutionItems) = preProject
		MSBuild\Config.build = MSBuild\Config.build
		MSBuild\ICSharpCode.SharpZipLib.dll = MSBuild\ICSharpCode.SharpZipLib.dll
		MSBuild\Module.build = MSBuild\Module.build
		MSBuild\ModulePackage.targets = MSBuild\ModulePackage.targets
		MSBuild\MSBuild.Community.Tasks.dll = MSBuild\MSBuild.Community.Tasks.dll
		MSBuild\MSBuild.Community.Tasks.Targets = MSBuild\MSBuild.Community.Tasks.Targets
		MSBuild\Package.targets = MSBuild\Package.targets
	EndProjectSection
EndProject
Global
	GlobalSection(SolutionConfigurationPlatforms) = preSolution
		Debug|Any CPU = Debug|Any CPU
		Release|Any CPU = Release|Any CPU
	EndGlobalSection
	GlobalSection(ProjectConfigurationPlatforms) = postSolution
		{B42116D5-0133-49DF-B5A5-967A175EF8DB}.Debug|Any CPU.ActiveCfg = Debug|Any CPU
		{B42116D5-0133-49DF-B5A5-967A175EF8DB}.Debug|Any CPU.Build.0 = Debug|Any CPU
		{B42116D5-0133-49DF-B5A5-967A175EF8DB}.Release|Any CPU.ActiveCfg = Release|Any CPU
		{B42116D5-0133-49DF-B5A5-967A175EF8DB}.Release|Any CPU.Build.0 = Release|Any CPU
		{20E299BF-7DCD-4D99-A8E4-AA774466EF13}.Debug|Any CPU.ActiveCfg = Debug|Any CPU
		{20E299BF-7DCD-4D99-A8E4-AA774466EF13}.Debug|Any CPU.Build.0 = Debug|Any CPU
		{20E299BF-7DCD-4D99-A8E4-AA774466EF13}.Release|Any CPU.ActiveCfg = Debug|Any CPU
		{20E299BF-7DCD-4D99-A8E4-AA774466EF13}.Release|Any CPU.Build.0 = Debug|Any CPU
	EndGlobalSection
	GlobalSection(SolutionProperties) = preSolution
		HideSolutionNode = FALSE
	EndGlobalSection
EndGlobal
